
Microsoft Visual Studio Solution File, Format Version 12.00
# Visual Studio Version 16
VisualStudioVersion = 16.0.31205.134
MinimumVisualStudioVersion = 10.0.40219.1
Project("{FAE04EC0-301F-11D3-BF4B-00C04F79EFBC}") = "KataAnagramasTest", "KataAnagramasTest\KataAnagramasTest.csproj", "{65AC8857-CD1F-4183-AC61-10ADB9AE7C29}"
EndProject
Global
	GlobalSection(SolutionConfigurationPlatforms) = preSolution
		Debug|Any CPU = Debug|Any CPU
		Release|Any CPU = Release|Any CPU
	EndGlobalSection
	GlobalSection(ProjectConfigurationPlatforms) = postSolution
		{65AC8857-CD1F-4183-AC61-10ADB9AE7C29}.Debug|Any CPU.ActiveCfg = Debug|Any CPU
		{65AC8857-CD1F-4183-AC61-10ADB9AE7C29}.Debug|Any CPU.Build.0 = Debug|Any CPU
		{65AC8857-CD1F-4183-AC61-10ADB9AE7C29}.Release|Any CPU.ActiveCfg = Release|Any CPU
		{65AC8857-CD1F-4183-AC61-10ADB9AE7C29}.Release|Any CPU.Build.0 = Release|Any CPU
	EndGlobalSection
	GlobalSection(SolutionProperties) = preSolution
		HideSolutionNode = FALSE
	EndGlobalSection
	GlobalSection(ExtensibilityGlobals) = postSolution
		SolutionGuid = {F09817FD-ECD8-439D-A08C-010C79B32E2B}
	EndGlobalSection
EndGlobal
