
Microsoft Visual Studio Solution File, Format Version 12.00
# Visual Studio Version 16
VisualStudioVersion = 16.0.31205.134
MinimumVisualStudioVersion = 10.0.40219.1
Project("{FAE04EC0-301F-11D3-BF4B-00C04F79EFBC}") = "AnagramsTest", "AnagramsTest\AnagramsTest.csproj", "{1842AFD6-C316-4EA0-94EB-A679FE802ADE}"
EndProject
Project("{FAE04EC0-301F-11D3-BF4B-00C04F79EFBC}") = "Anagrams", "Anagrams\Anagrams.csproj", "{8D38BC55-1754-45EB-AB15-EF544462367B}"
EndProject
Global
	GlobalSection(SolutionConfigurationPlatforms) = preSolution
		Debug|Any CPU = Debug|Any CPU
		Release|Any CPU = Release|Any CPU
	EndGlobalSection
	GlobalSection(ProjectConfigurationPlatforms) = postSolution
		{1842AFD6-C316-4EA0-94EB-A679FE802ADE}.Debug|Any CPU.ActiveCfg = Debug|Any CPU
		{1842AFD6-C316-4EA0-94EB-A679FE802ADE}.Debug|Any CPU.Build.0 = Debug|Any CPU
		{1842AFD6-C316-4EA0-94EB-A679FE802ADE}.Release|Any CPU.ActiveCfg = Release|Any CPU
		{1842AFD6-C316-4EA0-94EB-A679FE802ADE}.Release|Any CPU.Build.0 = Release|Any CPU
		{8D38BC55-1754-45EB-AB15-EF544462367B}.Debug|Any CPU.ActiveCfg = Debug|Any CPU
		{8D38BC55-1754-45EB-AB15-EF544462367B}.Debug|Any CPU.Build.0 = Debug|Any CPU
		{8D38BC55-1754-45EB-AB15-EF544462367B}.Release|Any CPU.ActiveCfg = Release|Any CPU
		{8D38BC55-1754-45EB-AB15-EF544462367B}.Release|Any CPU.Build.0 = Release|Any CPU
	EndGlobalSection
	GlobalSection(SolutionProperties) = preSolution
		HideSolutionNode = FALSE
	EndGlobalSection
	GlobalSection(ExtensibilityGlobals) = postSolution
		SolutionGuid = {3290F917-4ADD-420B-AE43-8C4B11BC6638}
	EndGlobalSection
EndGlobal
